// !$*UTF8*$!
{
	archiveVersion = 1;
	classes = {
	};
	objectVersion = 51;
	objects = {

/* Begin PBXBuildFile section */
		36FD120B1CBE9B4A7E29E507 /* Pods_Instagram.framework in Frameworks */ = {isa = PBXBuildFile; fileRef = 2146A0F4C70E5D5EA7246979 /* Pods_Instagram.framework */; };
		6323584524F4EA98000928D2 /* LoginViewController.swift in Sources */ = {isa = PBXBuildFile; fileRef = 6323584424F4EA98000928D2 /* LoginViewController.swift */; };
		6323584724F4EAA9000928D2 /* RegistrationViewController.swift in Sources */ = {isa = PBXBuildFile; fileRef = 6323584624F4EAA9000928D2 /* RegistrationViewController.swift */; };
		6323584A24F4EAC3000928D2 /* PostViewController.swift in Sources */ = {isa = PBXBuildFile; fileRef = 6323584924F4EAC3000928D2 /* PostViewController.swift */; };
		6323584C24F4EAE9000928D2 /* EditProfileViewController.swift in Sources */ = {isa = PBXBuildFile; fileRef = 6323584B24F4EAE9000928D2 /* EditProfileViewController.swift */; };
		6323584E24F4EAF8000928D2 /* SettingsViewController.swift in Sources */ = {isa = PBXBuildFile; fileRef = 6323584D24F4EAF8000928D2 /* SettingsViewController.swift */; };
		6323585024F4EB07000928D2 /* ListViewController.swift in Sources */ = {isa = PBXBuildFile; fileRef = 6323584F24F4EB07000928D2 /* ListViewController.swift */; };
		6323585224F4EB11000928D2 /* SearchViewController.swift in Sources */ = {isa = PBXBuildFile; fileRef = 6323585124F4EB11000928D2 /* SearchViewController.swift */; };
		6323585424F4EB1F000928D2 /* SearchResultViewController.swift in Sources */ = {isa = PBXBuildFile; fileRef = 6323585324F4EB1F000928D2 /* SearchResultViewController.swift */; };
		6323585624F4EB4B000928D2 /* PostEditorViewController.swift in Sources */ = {isa = PBXBuildFile; fileRef = 6323585524F4EB4B000928D2 /* PostEditorViewController.swift */; };
		6323585824F4EB56000928D2 /* PublicPostViewController.swift in Sources */ = {isa = PBXBuildFile; fileRef = 6323585724F4EB56000928D2 /* PublicPostViewController.swift */; };
		6323585D24F4F57F000928D2 /* DatabaseManager.swift in Sources */ = {isa = PBXBuildFile; fileRef = 6323585C24F4F57F000928D2 /* DatabaseManager.swift */; };
		6323585F24F4F604000928D2 /* AuthManager.swift in Sources */ = {isa = PBXBuildFile; fileRef = 6323585E24F4F604000928D2 /* AuthManager.swift */; };
		6323586124F4F62C000928D2 /* StorageManager.swift in Sources */ = {isa = PBXBuildFile; fileRef = 6323586024F4F62C000928D2 /* StorageManager.swift */; };
		6323586324F4FAC5000928D2 /* Extension.swift in Sources */ = {isa = PBXBuildFile; fileRef = 6323586224F4FAC5000928D2 /* Extension.swift */; };
		6323586524F51731000928D2 /* GoogleService-Info.plist in Resources */ = {isa = PBXBuildFile; fileRef = 6323586424F51731000928D2 /* GoogleService-Info.plist */; };
		63CAB3D724F4E82900739C5A /* AppDelegate.swift in Sources */ = {isa = PBXBuildFile; fileRef = 63CAB3D624F4E82900739C5A /* AppDelegate.swift */; };
		63CAB3D924F4E82900739C5A /* SceneDelegate.swift in Sources */ = {isa = PBXBuildFile; fileRef = 63CAB3D824F4E82900739C5A /* SceneDelegate.swift */; };
		63CAB3DB24F4E82900739C5A /* HomeViewController.swift in Sources */ = {isa = PBXBuildFile; fileRef = 63CAB3DA24F4E82900739C5A /* HomeViewController.swift */; };
		63CAB3DE24F4E82900739C5A /* Main.storyboard in Resources */ = {isa = PBXBuildFile; fileRef = 63CAB3DC24F4E82900739C5A /* Main.storyboard */; };
		63CAB3E024F4E83400739C5A /* Assets.xcassets in Resources */ = {isa = PBXBuildFile; fileRef = 63CAB3DF24F4E83400739C5A /* Assets.xcassets */; };
		63CAB3E324F4E83400739C5A /* LaunchScreen.storyboard in Resources */ = {isa = PBXBuildFile; fileRef = 63CAB3E124F4E83400739C5A /* LaunchScreen.storyboard */; };
		63CAB3F124F4E96300739C5A /* ExploreViewController.swift in Sources */ = {isa = PBXBuildFile; fileRef = 63CAB3F024F4E96300739C5A /* ExploreViewController.swift */; };
		63CAB3F324F4E97500739C5A /* CameraViewController.swift in Sources */ = {isa = PBXBuildFile; fileRef = 63CAB3F224F4E97500739C5A /* CameraViewController.swift */; };
		63CAB3F524F4E98700739C5A /* NotificationViewController.swift in Sources */ = {isa = PBXBuildFile; fileRef = 63CAB3F424F4E98700739C5A /* NotificationViewController.swift */; };
		63CAB3FA24F4EA2000739C5A /* ProfileViewController.swift in Sources */ = {isa = PBXBuildFile; fileRef = 63CAB3F924F4EA2000739C5A /* ProfileViewController.swift */; };
/* End PBXBuildFile section */

/* Begin PBXFileReference section */
		2146A0F4C70E5D5EA7246979 /* Pods_Instagram.framework */ = {isa = PBXFileReference; explicitFileType = wrapper.framework; includeInIndex = 0; path = Pods_Instagram.framework; sourceTree = BUILT_PRODUCTS_DIR; };
		50D00490BD00127FBFE58881 /* Pods-Instagram.release.xcconfig */ = {isa = PBXFileReference; includeInIndex = 1; lastKnownFileType = text.xcconfig; name = "Pods-Instagram.release.xcconfig"; path = "Target Support Files/Pods-Instagram/Pods-Instagram.release.xcconfig"; sourceTree = "<group>"; };
		50F53FF23C4B223DFBA72A0E /* Pods-Instagram.debug.xcconfig */ = {isa = PBXFileReference; includeInIndex = 1; lastKnownFileType = text.xcconfig; name = "Pods-Instagram.debug.xcconfig"; path = "Target Support Files/Pods-Instagram/Pods-Instagram.debug.xcconfig"; sourceTree = "<group>"; };
		6323584424F4EA98000928D2 /* LoginViewController.swift */ = {isa = PBXFileReference; lastKnownFileType = sourcecode.swift; path = LoginViewController.swift; sourceTree = "<group>"; };
		6323584624F4EAA9000928D2 /* RegistrationViewController.swift */ = {isa = PBXFileReference; lastKnownFileType = sourcecode.swift; path = RegistrationViewController.swift; sourceTree = "<group>"; };
		6323584924F4EAC3000928D2 /* PostViewController.swift */ = {isa = PBXFileReference; lastKnownFileType = sourcecode.swift; path = PostViewController.swift; sourceTree = "<group>"; };
		6323584B24F4EAE9000928D2 /* EditProfileViewController.swift */ = {isa = PBXFileReference; lastKnownFileType = sourcecode.swift; path = EditProfileViewController.swift; sourceTree = "<group>"; };
		6323584D24F4EAF8000928D2 /* SettingsViewController.swift */ = {isa = PBXFileReference; lastKnownFileType = sourcecode.swift; path = SettingsViewController.swift; sourceTree = "<group>"; };
		6323584F24F4EB07000928D2 /* ListViewController.swift */ = {isa = PBXFileReference; lastKnownFileType = sourcecode.swift; path = ListViewController.swift; sourceTree = "<group>"; };
		6323585124F4EB11000928D2 /* SearchViewController.swift */ = {isa = PBXFileReference; lastKnownFileType = sourcecode.swift; path = SearchViewController.swift; sourceTree = "<group>"; };
		6323585324F4EB1F000928D2 /* SearchResultViewController.swift */ = {isa = PBXFileReference; lastKnownFileType = sourcecode.swift; path = SearchResultViewController.swift; sourceTree = "<group>"; };
		6323585524F4EB4B000928D2 /* PostEditorViewController.swift */ = {isa = PBXFileReference; lastKnownFileType = sourcecode.swift; path = PostEditorViewController.swift; sourceTree = "<group>"; };
		6323585724F4EB56000928D2 /* PublicPostViewController.swift */ = {isa = PBXFileReference; lastKnownFileType = sourcecode.swift; path = PublicPostViewController.swift; sourceTree = "<group>"; };
		6323585C24F4F57F000928D2 /* DatabaseManager.swift */ = {isa = PBXFileReference; lastKnownFileType = sourcecode.swift; path = DatabaseManager.swift; sourceTree = "<group>"; };
		6323585E24F4F604000928D2 /* AuthManager.swift */ = {isa = PBXFileReference; lastKnownFileType = sourcecode.swift; path = AuthManager.swift; sourceTree = "<group>"; };
		6323586024F4F62C000928D2 /* StorageManager.swift */ = {isa = PBXFileReference; lastKnownFileType = sourcecode.swift; path = StorageManager.swift; sourceTree = "<group>"; };
		6323586224F4FAC5000928D2 /* Extension.swift */ = {isa = PBXFileReference; lastKnownFileType = sourcecode.swift; path = Extension.swift; sourceTree = "<group>"; };
		6323586424F51731000928D2 /* GoogleService-Info.plist */ = {isa = PBXFileReference; fileEncoding = 4; lastKnownFileType = text.plist.xml; path = "GoogleService-Info.plist"; sourceTree = "<group>"; };
		63CAB3D324F4E82900739C5A /* Instagram.app */ = {isa = PBXFileReference; explicitFileType = wrapper.application; includeInIndex = 0; path = Instagram.app; sourceTree = BUILT_PRODUCTS_DIR; };
		63CAB3D624F4E82900739C5A /* AppDelegate.swift */ = {isa = PBXFileReference; lastKnownFileType = sourcecode.swift; path = AppDelegate.swift; sourceTree = "<group>"; };
		63CAB3D824F4E82900739C5A /* SceneDelegate.swift */ = {isa = PBXFileReference; lastKnownFileType = sourcecode.swift; path = SceneDelegate.swift; sourceTree = "<group>"; };
		63CAB3DA24F4E82900739C5A /* HomeViewController.swift */ = {isa = PBXFileReference; lastKnownFileType = sourcecode.swift; path = HomeViewController.swift; sourceTree = "<group>"; };
		63CAB3DD24F4E82900739C5A /* Base */ = {isa = PBXFileReference; lastKnownFileType = file.storyboard; name = Base; path = Base.lproj/Main.storyboard; sourceTree = "<group>"; };
		63CAB3DF24F4E83400739C5A /* Assets.xcassets */ = {isa = PBXFileReference; lastKnownFileType = folder.assetcatalog; path = Assets.xcassets; sourceTree = "<group>"; };
		63CAB3E224F4E83400739C5A /* Base */ = {isa = PBXFileReference; lastKnownFileType = file.storyboard; name = Base; path = Base.lproj/LaunchScreen.storyboard; sourceTree = "<group>"; };
		63CAB3E424F4E83400739C5A /* Info.plist */ = {isa = PBXFileReference; lastKnownFileType = text.plist.xml; path = Info.plist; sourceTree = "<group>"; };
		63CAB3F024F4E96300739C5A /* ExploreViewController.swift */ = {isa = PBXFileReference; lastKnownFileType = sourcecode.swift; path = ExploreViewController.swift; sourceTree = "<group>"; };
		63CAB3F224F4E97500739C5A /* CameraViewController.swift */ = {isa = PBXFileReference; lastKnownFileType = sourcecode.swift; path = CameraViewController.swift; sourceTree = "<group>"; };
		63CAB3F424F4E98700739C5A /* NotificationViewController.swift */ = {isa = PBXFileReference; lastKnownFileType = sourcecode.swift; path = NotificationViewController.swift; sourceTree = "<group>"; };
		63CAB3F924F4EA2000739C5A /* ProfileViewController.swift */ = {isa = PBXFileReference; lastKnownFileType = sourcecode.swift; path = ProfileViewController.swift; sourceTree = "<group>"; };
/* End PBXFileReference section */

/* Begin PBXFrameworksBuildPhase section */
		63CAB3D024F4E82900739C5A /* Frameworks */ = {
			isa = PBXFrameworksBuildPhase;
			buildActionMask = 2147483647;
			files = (
				36FD120B1CBE9B4A7E29E507 /* Pods_Instagram.framework in Frameworks */,
			);
			runOnlyForDeploymentPostprocessing = 0;
		};
/* End PBXFrameworksBuildPhase section */

/* Begin PBXGroup section */
		14E0C116BEE21884DEED16AD /* Pods */ = {
			isa = PBXGroup;
			children = (
				50F53FF23C4B223DFBA72A0E /* Pods-Instagram.debug.xcconfig */,
				50D00490BD00127FBFE58881 /* Pods-Instagram.release.xcconfig */,
			);
			path = Pods;
			sourceTree = "<group>";
		};
		582E380ED6BE6ECA66F538C1 /* Frameworks */ = {
			isa = PBXGroup;
			children = (
				2146A0F4C70E5D5EA7246979 /* Pods_Instagram.framework */,
			);
			name = Frameworks;
			sourceTree = "<group>";
		};
		6323584324F4EA84000928D2 /* Onboarding */ = {
			isa = PBXGroup;
			children = (
				6323584424F4EA98000928D2 /* LoginViewController.swift */,
				6323584624F4EAA9000928D2 /* RegistrationViewController.swift */,
			);
			path = Onboarding;
			sourceTree = "<group>";
		};
		6323584824F4EAB2000928D2 /* Other */ = {
			isa = PBXGroup;
			children = (
				6323584324F4EA84000928D2 /* Onboarding */,
				6323585B24F4F505000928D2 /* General */,
			);
			path = Other;
			sourceTree = "<group>";
		};
		6323585B24F4F505000928D2 /* General */ = {
			isa = PBXGroup;
			children = (
				6323584D24F4EAF8000928D2 /* SettingsViewController.swift */,
				6323584924F4EAC3000928D2 /* PostViewController.swift */,
				6323584B24F4EAE9000928D2 /* EditProfileViewController.swift */,
				6323584F24F4EB07000928D2 /* ListViewController.swift */,
				6323585124F4EB11000928D2 /* SearchViewController.swift */,
				6323585324F4EB1F000928D2 /* SearchResultViewController.swift */,
				6323585524F4EB4B000928D2 /* PostEditorViewController.swift */,
				6323585724F4EB56000928D2 /* PublicPostViewController.swift */,
			);
			path = General;
			sourceTree = "<group>";
		};
		63CAB3CA24F4E82900739C5A = {
			isa = PBXGroup;
			children = (
				63CAB3D524F4E82900739C5A /* Instagram */,
				63CAB3D424F4E82900739C5A /* Products */,
				14E0C116BEE21884DEED16AD /* Pods */,
				582E380ED6BE6ECA66F538C1 /* Frameworks */,
			);
			sourceTree = "<group>";
		};
		63CAB3D424F4E82900739C5A /* Products */ = {
			isa = PBXGroup;
			children = (
				63CAB3D324F4E82900739C5A /* Instagram.app */,
			);
			name = Products;
			sourceTree = "<group>";
		};
		63CAB3D524F4E82900739C5A /* Instagram */ = {
			isa = PBXGroup;
			children = (
				63CAB3EE24F4E8BB00739C5A /* Resources */,
				63CAB3ED24F4E8B400739C5A /* Models */,
				63CAB3EB24F4E8A700739C5A /* Views */,
				63CAB3EA24F4E89F00739C5A /* Controllers */,
				63CAB3E424F4E83400739C5A /* Info.plist */,
				6323586424F51731000928D2 /* GoogleService-Info.plist */,
			);
			path = Instagram;
			sourceTree = "<group>";
		};
		63CAB3EA24F4E89F00739C5A /* Controllers */ = {
			isa = PBXGroup;
			children = (
				6323584824F4EAB2000928D2 /* Other */,
				63CAB3F824F4E9C200739C5A /* Core Tabs */,
			);
			path = Controllers;
			sourceTree = "<group>";
		};
		63CAB3EB24F4E8A700739C5A /* Views */ = {
			isa = PBXGroup;
			children = (
				63CAB3EF24F4E8DB00739C5A /* Storyboard */,
				63CAB3DF24F4E83400739C5A /* Assets.xcassets */,
			);
			path = Views;
			sourceTree = "<group>";
		};
		63CAB3ED24F4E8B400739C5A /* Models */ = {
			isa = PBXGroup;
			children = (
			);
			path = Models;
			sourceTree = "<group>";
		};
		63CAB3EE24F4E8BB00739C5A /* Resources */ = {
			isa = PBXGroup;
			children = (
				63CAB3D624F4E82900739C5A /* AppDelegate.swift */,
				63CAB3D824F4E82900739C5A /* SceneDelegate.swift */,
				6323585C24F4F57F000928D2 /* DatabaseManager.swift */,
				6323585E24F4F604000928D2 /* AuthManager.swift */,
				6323586024F4F62C000928D2 /* StorageManager.swift */,
				6323586224F4FAC5000928D2 /* Extension.swift */,
			);
			path = Resources;
			sourceTree = "<group>";
		};
		63CAB3EF24F4E8DB00739C5A /* Storyboard */ = {
			isa = PBXGroup;
			children = (
				63CAB3DC24F4E82900739C5A /* Main.storyboard */,
				63CAB3E124F4E83400739C5A /* LaunchScreen.storyboard */,
			);
			path = Storyboard;
			sourceTree = "<group>";
		};
		63CAB3F824F4E9C200739C5A /* Core Tabs */ = {
			isa = PBXGroup;
			children = (
				63CAB3DA24F4E82900739C5A /* HomeViewController.swift */,
				63CAB3F024F4E96300739C5A /* ExploreViewController.swift */,
				63CAB3F224F4E97500739C5A /* CameraViewController.swift */,
				63CAB3F424F4E98700739C5A /* NotificationViewController.swift */,
				63CAB3F924F4EA2000739C5A /* ProfileViewController.swift */,
			);
			path = "Core Tabs";
			sourceTree = "<group>";
		};
/* End PBXGroup section */

/* Begin PBXNativeTarget section */
		63CAB3D224F4E82900739C5A /* Instagram */ = {
			isa = PBXNativeTarget;
			buildConfigurationList = 63CAB3E724F4E83400739C5A /* Build configuration list for PBXNativeTarget "Instagram" */;
			buildPhases = (
				CBC90AB1177D0FF1D4BE6A49 /* [CP] Check Pods Manifest.lock */,
				63CAB3CF24F4E82900739C5A /* Sources */,
				63CAB3D024F4E82900739C5A /* Frameworks */,
				63CAB3D124F4E82900739C5A /* Resources */,
				132122F91669D2CBF51338C2 /* [CP] Embed Pods Frameworks */,
			);
			buildRules = (
			);
			dependencies = (
			);
			name = Instagram;
			productName = Instagram;
			productReference = 63CAB3D324F4E82900739C5A /* Instagram.app */;
			productType = "com.apple.product-type.application";
		};
/* End PBXNativeTarget section */

/* Begin PBXProject section */
		63CAB3CB24F4E82900739C5A /* Project object */ = {
			isa = PBXProject;
			attributes = {
				LastSwiftUpdateCheck = 1160;
				LastUpgradeCheck = 1160;
				ORGANIZATIONNAME = "Kha Nguyen";
				TargetAttributes = {
					63CAB3D224F4E82900739C5A = {
						CreatedOnToolsVersion = 11.6;
					};
				};
			};
			buildConfigurationList = 63CAB3CE24F4E82900739C5A /* Build configuration list for PBXProject "Instagram" */;
			compatibilityVersion = "Xcode 9.3";
			developmentRegion = en;
			hasScannedForEncodings = 0;
			knownRegions = (
				en,
				Base,
			);
			mainGroup = 63CAB3CA24F4E82900739C5A;
			productRefGroup = 63CAB3D424F4E82900739C5A /* Products */;
			projectDirPath = "";
			projectRoot = "";
			targets = (
				63CAB3D224F4E82900739C5A /* Instagram */,
			);
		};
/* End PBXProject section */

/* Begin PBXResourcesBuildPhase section */
		63CAB3D124F4E82900739C5A /* Resources */ = {
			isa = PBXResourcesBuildPhase;
			buildActionMask = 2147483647;
			files = (
				63CAB3E324F4E83400739C5A /* LaunchScreen.storyboard in Resources */,
				6323586524F51731000928D2 /* GoogleService-Info.plist in Resources */,
				63CAB3E024F4E83400739C5A /* Assets.xcassets in Resources */,
				63CAB3DE24F4E82900739C5A /* Main.storyboard in Resources */,
			);
			runOnlyForDeploymentPostprocessing = 0;
		};
/* End PBXResourcesBuildPhase section */

/* Begin PBXShellScriptBuildPhase section */
		132122F91669D2CBF51338C2 /* [CP] Embed Pods Frameworks */ = {
			isa = PBXShellScriptBuildPhase;
			buildActionMask = 2147483647;
			files = (
			);
			inputFileListPaths = (
				"${PODS_ROOT}/Target Support Files/Pods-Instagram/Pods-Instagram-frameworks-${CONFIGURATION}-input-files.xcfilelist",
			);
			name = "[CP] Embed Pods Frameworks";
			outputFileListPaths = (
				"${PODS_ROOT}/Target Support Files/Pods-Instagram/Pods-Instagram-frameworks-${CONFIGURATION}-output-files.xcfilelist",
			);
			runOnlyForDeploymentPostprocessing = 0;
			shellPath = /bin/sh;
			shellScript = "\"${PODS_ROOT}/Target Support Files/Pods-Instagram/Pods-Instagram-frameworks.sh\"\n";
			showEnvVarsInLog = 0;
		};
		CBC90AB1177D0FF1D4BE6A49 /* [CP] Check Pods Manifest.lock */ = {
			isa = PBXShellScriptBuildPhase;
			buildActionMask = 2147483647;
			files = (
			);
			inputFileListPaths = (
			);
			inputPaths = (
				"${PODS_PODFILE_DIR_PATH}/Podfile.lock",
				"${PODS_ROOT}/Manifest.lock",
			);
			name = "[CP] Check Pods Manifest.lock";
			outputFileListPaths = (
			);
			outputPaths = (
				"$(DERIVED_FILE_DIR)/Pods-Instagram-checkManifestLockResult.txt",
			);
			runOnlyForDeploymentPostprocessing = 0;
			shellPath = /bin/sh;
			shellScript = "diff \"${PODS_PODFILE_DIR_PATH}/Podfile.lock\" \"${PODS_ROOT}/Manifest.lock\" > /dev/null\nif [ $? != 0 ] ; then\n    # print error to STDERR\n    echo \"error: The sandbox is not in sync with the Podfile.lock. Run 'pod install' or update your CocoaPods installation.\" >&2\n    exit 1\nfi\n# This output is used by Xcode 'outputs' to avoid re-running this script phase.\necho \"SUCCESS\" > \"${SCRIPT_OUTPUT_FILE_0}\"\n";
			showEnvVarsInLog = 0;
		};
/* End PBXShellScriptBuildPhase section */

/* Begin PBXSourcesBuildPhase section */
		63CAB3CF24F4E82900739C5A /* Sources */ = {
			isa = PBXSourcesBuildPhase;
			buildActionMask = 2147483647;
			files = (
				6323584C24F4EAE9000928D2 /* EditProfileViewController.swift in Sources */,
				63CAB3F124F4E96300739C5A /* ExploreViewController.swift in Sources */,
				6323585824F4EB56000928D2 /* PublicPostViewController.swift in Sources */,
				63CAB3F324F4E97500739C5A /* CameraViewController.swift in Sources */,
				63CAB3F524F4E98700739C5A /* NotificationViewController.swift in Sources */,
				6323584724F4EAA9000928D2 /* RegistrationViewController.swift in Sources */,
				6323585624F4EB4B000928D2 /* PostEditorViewController.swift in Sources */,
				6323586124F4F62C000928D2 /* StorageManager.swift in Sources */,
				6323584A24F4EAC3000928D2 /* PostViewController.swift in Sources */,
				6323586324F4FAC5000928D2 /* Extension.swift in Sources */,
				6323585D24F4F57F000928D2 /* DatabaseManager.swift in Sources */,
				63CAB3DB24F4E82900739C5A /* HomeViewController.swift in Sources */,
				6323585424F4EB1F000928D2 /* SearchResultViewController.swift in Sources */,
				6323584524F4EA98000928D2 /* LoginViewController.swift in Sources */,
				6323585224F4EB11000928D2 /* SearchViewController.swift in Sources */,
				63CAB3FA24F4EA2000739C5A /* ProfileViewController.swift in Sources */,
				6323585F24F4F604000928D2 /* AuthManager.swift in Sources */,
				63CAB3D724F4E82900739C5A /* AppDelegate.swift in Sources */,
				63CAB3D924F4E82900739C5A /* SceneDelegate.swift in Sources */,
				6323585024F4EB07000928D2 /* ListViewController.swift in Sources */,
				6323584E24F4EAF8000928D2 /* SettingsViewController.swift in Sources */,
			);
			runOnlyForDeploymentPostprocessing = 0;
		};
/* End PBXSourcesBuildPhase section */

/* Begin PBXVariantGroup section */
		63CAB3DC24F4E82900739C5A /* Main.storyboard */ = {
			isa = PBXVariantGroup;
			children = (
				63CAB3DD24F4E82900739C5A /* Base */,
			);
			name = Main.storyboard;
			sourceTree = "<group>";
		};
		63CAB3E124F4E83400739C5A /* LaunchScreen.storyboard */ = {
			isa = PBXVariantGroup;
			children = (
				63CAB3E224F4E83400739C5A /* Base */,
			);
			name = LaunchScreen.storyboard;
			sourceTree = "<group>";
		};
/* End PBXVariantGroup section */

/* Begin XCBuildConfiguration section */
		63CAB3E524F4E83400739C5A /* Debug */ = {
			isa = XCBuildConfiguration;
			buildSettings = {
				ALWAYS_SEARCH_USER_PATHS = NO;
				CLANG_ANALYZER_NONNULL = YES;
				CLANG_ANALYZER_NUMBER_OBJECT_CONVERSION = YES_AGGRESSIVE;
				CLANG_CXX_LANGUAGE_STANDARD = "gnu++14";
				CLANG_CXX_LIBRARY = "libc++";
				CLANG_ENABLE_MODULES = YES;
				CLANG_ENABLE_OBJC_ARC = YES;
				CLANG_ENABLE_OBJC_WEAK = YES;
				CLANG_WARN_BLOCK_CAPTURE_AUTORELEASING = YES;
				CLANG_WARN_BOOL_CONVERSION = YES;
				CLANG_WARN_COMMA = YES;
				CLANG_WARN_CONSTANT_CONVERSION = YES;
				CLANG_WARN_DEPRECATED_OBJC_IMPLEMENTATIONS = YES;
				CLANG_WARN_DIRECT_OBJC_ISA_USAGE = YES_ERROR;
				CLANG_WARN_DOCUMENTATION_COMMENTS = YES;
				CLANG_WARN_EMPTY_BODY = YES;
				CLANG_WARN_ENUM_CONVERSION = YES;
				CLANG_WARN_INFINITE_RECURSION = YES;
				CLANG_WARN_INT_CONVERSION = YES;
				CLANG_WARN_NON_LITERAL_NULL_CONVERSION = YES;
				CLANG_WARN_OBJC_IMPLICIT_RETAIN_SELF = YES;
				CLANG_WARN_OBJC_LITERAL_CONVERSION = YES;
				CLANG_WARN_OBJC_ROOT_CLASS = YES_ERROR;
				CLANG_WARN_RANGE_LOOP_ANALYSIS = YES;
				CLANG_WARN_STRICT_PROTOTYPES = YES;
				CLANG_WARN_SUSPICIOUS_MOVE = YES;
				CLANG_WARN_UNGUARDED_AVAILABILITY = YES_AGGRESSIVE;
				CLANG_WARN_UNREACHABLE_CODE = YES;
				CLANG_WARN__DUPLICATE_METHOD_MATCH = YES;
				COPY_PHASE_STRIP = NO;
				DEBUG_INFORMATION_FORMAT = dwarf;
				ENABLE_STRICT_OBJC_MSGSEND = YES;
				ENABLE_TESTABILITY = YES;
				GCC_C_LANGUAGE_STANDARD = gnu11;
				GCC_DYNAMIC_NO_PIC = NO;
				GCC_NO_COMMON_BLOCKS = YES;
				GCC_OPTIMIZATION_LEVEL = 0;
				GCC_PREPROCESSOR_DEFINITIONS = (
					"DEBUG=1",
					"$(inherited)",
				);
				GCC_WARN_64_TO_32_BIT_CONVERSION = YES;
				GCC_WARN_ABOUT_RETURN_TYPE = YES_ERROR;
				GCC_WARN_UNDECLARED_SELECTOR = YES;
				GCC_WARN_UNINITIALIZED_AUTOS = YES_AGGRESSIVE;
				GCC_WARN_UNUSED_FUNCTION = YES;
				GCC_WARN_UNUSED_VARIABLE = YES;
				IPHONEOS_DEPLOYMENT_TARGET = 13.6;
				MTL_ENABLE_DEBUG_INFO = INCLUDE_SOURCE;
				MTL_FAST_MATH = YES;
				ONLY_ACTIVE_ARCH = YES;
				SDKROOT = iphoneos;
				SWIFT_ACTIVE_COMPILATION_CONDITIONS = DEBUG;
				SWIFT_OPTIMIZATION_LEVEL = "-Onone";
			};
			name = Debug;
		};
		63CAB3E624F4E83400739C5A /* Release */ = {
			isa = XCBuildConfiguration;
			buildSettings = {
				ALWAYS_SEARCH_USER_PATHS = NO;
				CLANG_ANALYZER_NONNULL = YES;
				CLANG_ANALYZER_NUMBER_OBJECT_CONVERSION = YES_AGGRESSIVE;
				CLANG_CXX_LANGUAGE_STANDARD = "gnu++14";
				CLANG_CXX_LIBRARY = "libc++";
				CLANG_ENABLE_MODULES = YES;
				CLANG_ENABLE_OBJC_ARC = YES;
				CLANG_ENABLE_OBJC_WEAK = YES;
				CLANG_WARN_BLOCK_CAPTURE_AUTORELEASING = YES;
				CLANG_WARN_BOOL_CONVERSION = YES;
				CLANG_WARN_COMMA = YES;
				CLANG_WARN_CONSTANT_CONVERSION = YES;
				CLANG_WARN_DEPRECATED_OBJC_IMPLEMENTATIONS = YES;
				CLANG_WARN_DIRECT_OBJC_ISA_USAGE = YES_ERROR;
				CLANG_WARN_DOCUMENTATION_COMMENTS = YES;
				CLANG_WARN_EMPTY_BODY = YES;
				CLANG_WARN_ENUM_CONVERSION = YES;
				CLANG_WARN_INFINITE_RECURSION = YES;
				CLANG_WARN_INT_CONVERSION = YES;
				CLANG_WARN_NON_LITERAL_NULL_CONVERSION = YES;
				CLANG_WARN_OBJC_IMPLICIT_RETAIN_SELF = YES;
				CLANG_WARN_OBJC_LITERAL_CONVERSION = YES;
				CLANG_WARN_OBJC_ROOT_CLASS = YES_ERROR;
				CLANG_WARN_RANGE_LOOP_ANALYSIS = YES;
				CLANG_WARN_STRICT_PROTOTYPES = YES;
				CLANG_WARN_SUSPICIOUS_MOVE = YES;
				CLANG_WARN_UNGUARDED_AVAILABILITY = YES_AGGRESSIVE;
				CLANG_WARN_UNREACHABLE_CODE = YES;
				CLANG_WARN__DUPLICATE_METHOD_MATCH = YES;
				COPY_PHASE_STRIP = NO;
				DEBUG_INFORMATION_FORMAT = "dwarf-with-dsym";
				ENABLE_NS_ASSERTIONS = NO;
				ENABLE_STRICT_OBJC_MSGSEND = YES;
				GCC_C_LANGUAGE_STANDARD = gnu11;
				GCC_NO_COMMON_BLOCKS = YES;
				GCC_WARN_64_TO_32_BIT_CONVERSION = YES;
				GCC_WARN_ABOUT_RETURN_TYPE = YES_ERROR;
				GCC_WARN_UNDECLARED_SELECTOR = YES;
				GCC_WARN_UNINITIALIZED_AUTOS = YES_AGGRESSIVE;
				GCC_WARN_UNUSED_FUNCTION = YES;
				GCC_WARN_UNUSED_VARIABLE = YES;
				IPHONEOS_DEPLOYMENT_TARGET = 13.6;
				MTL_ENABLE_DEBUG_INFO = NO;
				MTL_FAST_MATH = YES;
				SDKROOT = iphoneos;
				SWIFT_COMPILATION_MODE = wholemodule;
				SWIFT_OPTIMIZATION_LEVEL = "-O";
				VALIDATE_PRODUCT = YES;
			};
			name = Release;
		};
		63CAB3E824F4E83400739C5A /* Debug */ = {
			isa = XCBuildConfiguration;
			baseConfigurationReference = 50F53FF23C4B223DFBA72A0E /* Pods-Instagram.debug.xcconfig */;
			buildSettings = {
				ASSETCATALOG_COMPILER_APPICON_NAME = AppIcon;
				CODE_SIGN_STYLE = Automatic;
				DEVELOPMENT_TEAM = X23SS5J3TH;
				INFOPLIST_FILE = Instagram/Info.plist;
				IPHONEOS_DEPLOYMENT_TARGET = 13.0;
				LD_RUNPATH_SEARCH_PATHS = (
					"$(inherited)",
					"@executable_path/Frameworks",
				);
				PRODUCT_BUNDLE_IDENTIFIER = com.somee.nkkha.Instagram;
				PRODUCT_NAME = "$(TARGET_NAME)";
				SWIFT_VERSION = 5.0;
				TARGETED_DEVICE_FAMILY = "1,2";
			};
			name = Debug;
		};
		63CAB3E924F4E83400739C5A /* Release */ = {
			isa = XCBuildConfiguration;
			baseConfigurationReference = 50D00490BD00127FBFE58881 /* Pods-Instagram.release.xcconfig */;
			buildSettings = {
				ASSETCATALOG_COMPILER_APPICON_NAME = AppIcon;
				CODE_SIGN_STYLE = Automatic;
				DEVELOPMENT_TEAM = X23SS5J3TH;
				INFOPLIST_FILE = Instagram/Info.plist;
				IPHONEOS_DEPLOYMENT_TARGET = 13.0;
				LD_RUNPATH_SEARCH_PATHS = (
					"$(inherited)",
					"@executable_path/Frameworks",
				);
				PRODUCT_BUNDLE_IDENTIFIER = com.somee.nkkha.Instagram;
				PRODUCT_NAME = "$(TARGET_NAME)";
				SWIFT_VERSION = 5.0;
				TARGETED_DEVICE_FAMILY = "1,2";
			};
			name = Release;
		};
/* End XCBuildConfiguration section */

/* Begin XCConfigurationList section */
		63CAB3CE24F4E82900739C5A /* Build configuration list for PBXProject "Instagram" */ = {
			isa = XCConfigurationList;
			buildConfigurations = (
				63CAB3E524F4E83400739C5A /* Debug */,
				63CAB3E624F4E83400739C5A /* Release */,
			);
			defaultConfigurationIsVisible = 0;
			defaultConfigurationName = Release;
		};
		63CAB3E724F4E83400739C5A /* Build configuration list for PBXNativeTarget "Instagram" */ = {
			isa = XCConfigurationList;
			buildConfigurations = (
				63CAB3E824F4E83400739C5A /* Debug */,
				63CAB3E924F4E83400739C5A /* Release */,
			);
			defaultConfigurationIsVisible = 0;
			defaultConfigurationName = Release;
		};
/* End XCConfigurationList section */
	};
	rootObject = 63CAB3CB24F4E82900739C5A /* Project object */;
}
